
Microsoft Visual Studio Solution File, Format Version 12.00
# Visual Studio Version 16
VisualStudioVersion = 16.0.30611.23
MinimumVisualStudioVersion = 10.0.40219.1
Project("{FAE04EC0-301F-11D3-BF4B-00C04F79EFBC}") = "WS_Server_MVC", "WS_Server_MVC.csproj", "{D9305F8F-C618-4725-9AA5-1A108C26AFD5}"
EndProject
Global
	GlobalSection(SolutionConfigurationPlatforms) = preSolution
		Debug|Any CPU = Debug|Any CPU
		Release|Any CPU = Release|Any CPU
	EndGlobalSection
	GlobalSection(ProjectConfigurationPlatforms) = postSolution
		{D9305F8F-C618-4725-9AA5-1A108C26AFD5}.Debug|Any CPU.ActiveCfg = Debug|Any CPU
		{D9305F8F-C618-4725-9AA5-1A108C26AFD5}.Debug|Any CPU.Build.0 = Debug|Any CPU
		{D9305F8F-C618-4725-9AA5-1A108C26AFD5}.Release|Any CPU.ActiveCfg = Release|Any CPU
		{D9305F8F-C618-4725-9AA5-1A108C26AFD5}.Release|Any CPU.Build.0 = Release|Any CPU
	EndGlobalSection
	GlobalSection(SolutionProperties) = preSolution
		HideSolutionNode = FALSE
	EndGlobalSection
	GlobalSection(ExtensibilityGlobals) = postSolution
		SolutionGuid = {93BF6214-4AD2-405D-A1AA-C484165EF218}
	EndGlobalSection
EndGlobal
